// !$*UTF8*$!
{
	archiveVersion = 1;
	classes = {
	};
	objectVersion = 48;
	objects = {

/* Begin PBXBuildFile section */
		80DDEFEBCF2C02BF61903F62 /* Pods_MemesTests.framework in Frameworks */ = {isa = PBXBuildFile; fileRef = C3CBCEB413D5AF3B7279F157 /* Pods_MemesTests.framework */; };
		C446F7CE882C0CD132D78EA7 /* Pods_Memes.framework in Frameworks */ = {isa = PBXBuildFile; fileRef = 6CF5E0B9881FE4F4ADF3521C /* Pods_Memes.framework */; };
		F613B9061FEFBBA900340DEB /* AppDelegate.swift in Sources */ = {isa = PBXBuildFile; fileRef = F613B9051FEFBBA900340DEB /* AppDelegate.swift */; };
		F613B9081FEFBBA900340DEB /* SignInVC.swift in Sources */ = {isa = PBXBuildFile; fileRef = F613B9071FEFBBA900340DEB /* SignInVC.swift */; };
		F613B90B1FEFBBA900340DEB /* Main.storyboard in Resources */ = {isa = PBXBuildFile; fileRef = F613B9091FEFBBA900340DEB /* Main.storyboard */; };
		F613B90D1FEFBBA900340DEB /* Assets.xcassets in Resources */ = {isa = PBXBuildFile; fileRef = F613B90C1FEFBBA900340DEB /* Assets.xcassets */; };
		F613B9101FEFBBA900340DEB /* LaunchScreen.storyboard in Resources */ = {isa = PBXBuildFile; fileRef = F613B90E1FEFBBA900340DEB /* LaunchScreen.storyboard */; };
		F613B91B1FEFBBA900340DEB /* MemesTests.swift in Sources */ = {isa = PBXBuildFile; fileRef = F613B91A1FEFBBA900340DEB /* MemesTests.swift */; };
		F613B9261FEFBBA900340DEB /* MemesUITests.swift in Sources */ = {isa = PBXBuildFile; fileRef = F613B9251FEFBBA900340DEB /* MemesUITests.swift */; };
		F613B9381FEFC4B800340DEB /* GoogleService-Info.plist in Resources */ = {isa = PBXBuildFile; fileRef = F613B9371FEFC45B00340DEB /* GoogleService-Info.plist */; };
		F6BBBE7F1FF4358500972365 /* FancyView.swift in Sources */ = {isa = PBXBuildFile; fileRef = F6BBBE7E1FF4358500972365 /* FancyView.swift */; };
		F6BBBE821FF4374700972365 /* Constants.swift in Sources */ = {isa = PBXBuildFile; fileRef = F6BBBE811FF4374700972365 /* Constants.swift */; };
		F6BBBE841FF43AC600972365 /* RoundIt.swift in Sources */ = {isa = PBXBuildFile; fileRef = F6BBBE831FF43AC600972365 /* RoundIt.swift */; };
		F6BBBE861FF43C7600972365 /* TextField.swift in Sources */ = {isa = PBXBuildFile; fileRef = F6BBBE851FF43C7600972365 /* TextField.swift */; };
		F6BBBE881FF43DEC00972365 /* FancyBtn.swift in Sources */ = {isa = PBXBuildFile; fileRef = F6BBBE871FF43DEC00972365 /* FancyBtn.swift */; };
		F93DBB9BAE93CF1DA394A407 /* Pods_MemesUITests.framework in Frameworks */ = {isa = PBXBuildFile; fileRef = 1A0536C4C5510693A17794AC /* Pods_MemesUITests.framework */; };
/* End PBXBuildFile section */

/* Begin PBXContainerItemProxy section */
		F613B9171FEFBBA900340DEB /* PBXContainerItemProxy */ = {
			isa = PBXContainerItemProxy;
			containerPortal = F613B8FA1FEFBBA900340DEB /* Project object */;
			proxyType = 1;
			remoteGlobalIDString = F613B9011FEFBBA900340DEB;
			remoteInfo = Memes;
		};
		F613B9221FEFBBA900340DEB /* PBXContainerItemProxy */ = {
			isa = PBXContainerItemProxy;
			containerPortal = F613B8FA1FEFBBA900340DEB /* Project object */;
			proxyType = 1;
			remoteGlobalIDString = F613B9011FEFBBA900340DEB;
			remoteInfo = Memes;
		};
/* End PBXContainerItemProxy section */

/* Begin PBXFileReference section */
		1A0536C4C5510693A17794AC /* Pods_MemesUITests.framework */ = {isa = PBXFileReference; explicitFileType = wrapper.framework; includeInIndex = 0; path = Pods_MemesUITests.framework; sourceTree = BUILT_PRODUCTS_DIR; };
		3E83D52D6D3B5820689DDCF7 /* Pods-MemesUITests.debug.xcconfig */ = {isa = PBXFileReference; includeInIndex = 1; lastKnownFileType = text.xcconfig; name = "Pods-MemesUITests.debug.xcconfig"; path = "Pods/Target Support Files/Pods-MemesUITests/Pods-MemesUITests.debug.xcconfig"; sourceTree = "<group>"; };
		5EEA9376F46CC7E870B609BF /* Pods-MemesUITests.release.xcconfig */ = {isa = PBXFileReference; includeInIndex = 1; lastKnownFileType = text.xcconfig; name = "Pods-MemesUITests.release.xcconfig"; path = "Pods/Target Support Files/Pods-MemesUITests/Pods-MemesUITests.release.xcconfig"; sourceTree = "<group>"; };
		6A56F660A87FD951D57FA3A1 /* Pods-Memes.release.xcconfig */ = {isa = PBXFileReference; includeInIndex = 1; lastKnownFileType = text.xcconfig; name = "Pods-Memes.release.xcconfig"; path = "Pods/Target Support Files/Pods-Memes/Pods-Memes.release.xcconfig"; sourceTree = "<group>"; };
		6CF5E0B9881FE4F4ADF3521C /* Pods_Memes.framework */ = {isa = PBXFileReference; explicitFileType = wrapper.framework; includeInIndex = 0; path = Pods_Memes.framework; sourceTree = BUILT_PRODUCTS_DIR; };
		A4DB3D8BD3C2EAA4469F9B47 /* Pods-MemesTests.release.xcconfig */ = {isa = PBXFileReference; includeInIndex = 1; lastKnownFileType = text.xcconfig; name = "Pods-MemesTests.release.xcconfig"; path = "Pods/Target Support Files/Pods-MemesTests/Pods-MemesTests.release.xcconfig"; sourceTree = "<group>"; };
		AA68AAA11F9B9A08C0692E95 /* Pods-MemesTests.debug.xcconfig */ = {isa = PBXFileReference; includeInIndex = 1; lastKnownFileType = text.xcconfig; name = "Pods-MemesTests.debug.xcconfig"; path = "Pods/Target Support Files/Pods-MemesTests/Pods-MemesTests.debug.xcconfig"; sourceTree = "<group>"; };
		C3CBCEB413D5AF3B7279F157 /* Pods_MemesTests.framework */ = {isa = PBXFileReference; explicitFileType = wrapper.framework; includeInIndex = 0; path = Pods_MemesTests.framework; sourceTree = BUILT_PRODUCTS_DIR; };
		DCD9BD1FD5E6AD5EE5C0FD9B /* Pods-Memes.debug.xcconfig */ = {isa = PBXFileReference; includeInIndex = 1; lastKnownFileType = text.xcconfig; name = "Pods-Memes.debug.xcconfig"; path = "Pods/Target Support Files/Pods-Memes/Pods-Memes.debug.xcconfig"; sourceTree = "<group>"; };
		F613B9021FEFBBA900340DEB /* Memes.app */ = {isa = PBXFileReference; explicitFileType = wrapper.application; includeInIndex = 0; path = Memes.app; sourceTree = BUILT_PRODUCTS_DIR; };
		F613B9051FEFBBA900340DEB /* AppDelegate.swift */ = {isa = PBXFileReference; lastKnownFileType = sourcecode.swift; path = AppDelegate.swift; sourceTree = "<group>"; };
		F613B9071FEFBBA900340DEB /* SignInVC.swift */ = {isa = PBXFileReference; lastKnownFileType = sourcecode.swift; path = SignInVC.swift; sourceTree = "<group>"; };
		F613B90A1FEFBBA900340DEB /* Base */ = {isa = PBXFileReference; lastKnownFileType = file.storyboard; name = Base; path = Base.lproj/Main.storyboard; sourceTree = "<group>"; };
		F613B90C1FEFBBA900340DEB /* Assets.xcassets */ = {isa = PBXFileReference; lastKnownFileType = folder.assetcatalog; path = Assets.xcassets; sourceTree = "<group>"; };
		F613B90F1FEFBBA900340DEB /* Base */ = {isa = PBXFileReference; lastKnownFileType = file.storyboard; name = Base; path = Base.lproj/LaunchScreen.storyboard; sourceTree = "<group>"; };
		F613B9111FEFBBA900340DEB /* Info.plist */ = {isa = PBXFileReference; lastKnownFileType = text.plist.xml; path = Info.plist; sourceTree = "<group>"; };
		F613B9161FEFBBA900340DEB /* MemesTests.xctest */ = {isa = PBXFileReference; explicitFileType = wrapper.cfbundle; includeInIndex = 0; path = MemesTests.xctest; sourceTree = BUILT_PRODUCTS_DIR; };
		F613B91A1FEFBBA900340DEB /* MemesTests.swift */ = {isa = PBXFileReference; lastKnownFileType = sourcecode.swift; path = MemesTests.swift; sourceTree = "<group>"; };
		F613B91C1FEFBBA900340DEB /* Info.plist */ = {isa = PBXFileReference; lastKnownFileType = text.plist.xml; path = Info.plist; sourceTree = "<group>"; };
		F613B9211FEFBBA900340DEB /* MemesUITests.xctest */ = {isa = PBXFileReference; explicitFileType = wrapper.cfbundle; includeInIndex = 0; path = MemesUITests.xctest; sourceTree = BUILT_PRODUCTS_DIR; };
		F613B9251FEFBBA900340DEB /* MemesUITests.swift */ = {isa = PBXFileReference; lastKnownFileType = sourcecode.swift; path = MemesUITests.swift; sourceTree = "<group>"; };
		F613B9271FEFBBA900340DEB /* Info.plist */ = {isa = PBXFileReference; lastKnownFileType = text.plist.xml; path = Info.plist; sourceTree = "<group>"; };
		F613B9371FEFC45B00340DEB /* GoogleService-Info.plist */ = {isa = PBXFileReference; lastKnownFileType = text.plist.xml; path = "GoogleService-Info.plist"; sourceTree = "<group>"; };
		F6BBBE7D1FF4282900972365 /* Summer.ttf */ = {isa = PBXFileReference; lastKnownFileType = file; path = Summer.ttf; sourceTree = "<group>"; };
		F6BBBE7E1FF4358500972365 /* FancyView.swift */ = {isa = PBXFileReference; lastKnownFileType = sourcecode.swift; path = FancyView.swift; sourceTree = "<group>"; };
		F6BBBE811FF4374700972365 /* Constants.swift */ = {isa = PBXFileReference; lastKnownFileType = sourcecode.swift; path = Constants.swift; sourceTree = "<group>"; };
		F6BBBE831FF43AC600972365 /* RoundIt.swift */ = {isa = PBXFileReference; lastKnownFileType = sourcecode.swift; path = RoundIt.swift; sourceTree = "<group>"; };
		F6BBBE851FF43C7600972365 /* TextField.swift */ = {isa = PBXFileReference; lastKnownFileType = sourcecode.swift; path = TextField.swift; sourceTree = "<group>"; };
		F6BBBE871FF43DEC00972365 /* FancyBtn.swift */ = {isa = PBXFileReference; lastKnownFileType = sourcecode.swift; path = FancyBtn.swift; sourceTree = "<group>"; };
/* End PBXFileReference section */

/* Begin PBXFrameworksBuildPhase section */
		F613B8FF1FEFBBA900340DEB /* Frameworks */ = {
			isa = PBXFrameworksBuildPhase;
			buildActionMask = 2147483647;
			files = (
				C446F7CE882C0CD132D78EA7 /* Pods_Memes.framework in Frameworks */,
			);
			runOnlyForDeploymentPostprocessing = 0;
		};
		F613B9131FEFBBA900340DEB /* Frameworks */ = {
			isa = PBXFrameworksBuildPhase;
			buildActionMask = 2147483647;
			files = (
				80DDEFEBCF2C02BF61903F62 /* Pods_MemesTests.framework in Frameworks */,
			);
			runOnlyForDeploymentPostprocessing = 0;
		};
		F613B91E1FEFBBA900340DEB /* Frameworks */ = {
			isa = PBXFrameworksBuildPhase;
			buildActionMask = 2147483647;
			files = (
				F93DBB9BAE93CF1DA394A407 /* Pods_MemesUITests.framework in Frameworks */,
			);
			runOnlyForDeploymentPostprocessing = 0;
		};
/* End PBXFrameworksBuildPhase section */

/* Begin PBXGroup section */
		B4F797BBB7610367F63B1E8B /* Frameworks */ = {
			isa = PBXGroup;
			children = (
				6CF5E0B9881FE4F4ADF3521C /* Pods_Memes.framework */,
				C3CBCEB413D5AF3B7279F157 /* Pods_MemesTests.framework */,
				1A0536C4C5510693A17794AC /* Pods_MemesUITests.framework */,
			);
			name = Frameworks;
			sourceTree = "<group>";
		};
		E731D6FF546F2E9A1F658C7F /* Pods */ = {
			isa = PBXGroup;
			children = (
				DCD9BD1FD5E6AD5EE5C0FD9B /* Pods-Memes.debug.xcconfig */,
				6A56F660A87FD951D57FA3A1 /* Pods-Memes.release.xcconfig */,
				AA68AAA11F9B9A08C0692E95 /* Pods-MemesTests.debug.xcconfig */,
				A4DB3D8BD3C2EAA4469F9B47 /* Pods-MemesTests.release.xcconfig */,
				3E83D52D6D3B5820689DDCF7 /* Pods-MemesUITests.debug.xcconfig */,
				5EEA9376F46CC7E870B609BF /* Pods-MemesUITests.release.xcconfig */,
			);
			name = Pods;
			sourceTree = "<group>";
		};
		F613B8F91FEFBBA800340DEB = {
			isa = PBXGroup;
			children = (
				F613B9041FEFBBA900340DEB /* Memes */,
				F613B9191FEFBBA900340DEB /* MemesTests */,
				F613B9241FEFBBA900340DEB /* MemesUITests */,
				F613B9031FEFBBA900340DEB /* Products */,
				E731D6FF546F2E9A1F658C7F /* Pods */,
				B4F797BBB7610367F63B1E8B /* Frameworks */,
			);
			sourceTree = "<group>";
		};
		F613B9031FEFBBA900340DEB /* Products */ = {
			isa = PBXGroup;
			children = (
				F613B9021FEFBBA900340DEB /* Memes.app */,
				F613B9161FEFBBA900340DEB /* MemesTests.xctest */,
				F613B9211FEFBBA900340DEB /* MemesUITests.xctest */,
			);
			name = Products;
			sourceTree = "<group>";
		};
		F613B9041FEFBBA900340DEB /* Memes */ = {
			isa = PBXGroup;
			children = (
				F6BBBE801FF4373700972365 /* Util */,
				F613B9351FEFC1E600340DEB /* Controller */,
				F613B9341FEFC1D900340DEB /* Model */,
				F613B9051FEFBBA900340DEB /* AppDelegate.swift */,
				F6BBBE7D1FF4282900972365 /* Summer.ttf */,
				F613B9371FEFC45B00340DEB /* GoogleService-Info.plist */,
				F613B9091FEFBBA900340DEB /* Main.storyboard */,
				F613B90C1FEFBBA900340DEB /* Assets.xcassets */,
				F613B90E1FEFBBA900340DEB /* LaunchScreen.storyboard */,
				F613B9111FEFBBA900340DEB /* Info.plist */,
				F6BBBE7E1FF4358500972365 /* FancyView.swift */,
				F6BBBE831FF43AC600972365 /* RoundIt.swift */,
				F6BBBE851FF43C7600972365 /* TextField.swift */,
				F6BBBE871FF43DEC00972365 /* FancyBtn.swift */,
			);
			path = Memes;
			sourceTree = "<group>";
		};
		F613B9191FEFBBA900340DEB /* MemesTests */ = {
			isa = PBXGroup;
			children = (
				F613B91A1FEFBBA900340DEB /* MemesTests.swift */,
				F613B91C1FEFBBA900340DEB /* Info.plist */,
			);
			path = MemesTests;
			sourceTree = "<group>";
		};
		F613B9241FEFBBA900340DEB /* MemesUITests */ = {
			isa = PBXGroup;
			children = (
				F613B9251FEFBBA900340DEB /* MemesUITests.swift */,
				F613B9271FEFBBA900340DEB /* Info.plist */,
			);
			path = MemesUITests;
			sourceTree = "<group>";
		};
		F613B9341FEFC1D900340DEB /* Model */ = {
			isa = PBXGroup;
			children = (
			);
			path = Model;
			sourceTree = "<group>";
		};
		F613B9351FEFC1E600340DEB /* Controller */ = {
			isa = PBXGroup;
			children = (
				F613B9071FEFBBA900340DEB /* SignInVC.swift */,
			);
			path = Controller;
			sourceTree = "<group>";
		};
		F6BBBE801FF4373700972365 /* Util */ = {
			isa = PBXGroup;
			children = (
				F6BBBE811FF4374700972365 /* Constants.swift */,
			);
			path = Util;
			sourceTree = "<group>";
		};
/* End PBXGroup section */

/* Begin PBXNativeTarget section */
		F613B9011FEFBBA900340DEB /* Memes */ = {
			isa = PBXNativeTarget;
			buildConfigurationList = F613B92A1FEFBBA900340DEB /* Build configuration list for PBXNativeTarget "Memes" */;
			buildPhases = (
				15BAB8D7F70756DAB48EF13D /* [CP] Check Pods Manifest.lock */,
				F613B8FE1FEFBBA900340DEB /* Sources */,
				F613B8FF1FEFBBA900340DEB /* Frameworks */,
				F613B9001FEFBBA900340DEB /* Resources */,
				22D4A0DF0075AEF5B86D201C /* [CP] Embed Pods Frameworks */,
				561DE2FE6A34F0324FF6A789 /* [CP] Copy Pods Resources */,
			);
			buildRules = (
			);
			dependencies = (
			);
			name = Memes;
			productName = Memes;
			productReference = F613B9021FEFBBA900340DEB /* Memes.app */;
			productType = "com.apple.product-type.application";
		};
		F613B9151FEFBBA900340DEB /* MemesTests */ = {
			isa = PBXNativeTarget;
			buildConfigurationList = F613B92D1FEFBBA900340DEB /* Build configuration list for PBXNativeTarget "MemesTests" */;
			buildPhases = (
				9ABA4248A210CDC488CE69E2 /* [CP] Check Pods Manifest.lock */,
				F613B9121FEFBBA900340DEB /* Sources */,
				F613B9131FEFBBA900340DEB /* Frameworks */,
				F613B9141FEFBBA900340DEB /* Resources */,
				B5BB7E8D5A0EDBA00882C056 /* [CP] Embed Pods Frameworks */,
				654B1CCCFF09B98BFE583348 /* [CP] Copy Pods Resources */,
			);
			buildRules = (
			);
			dependencies = (
				F613B9181FEFBBA900340DEB /* PBXTargetDependency */,
			);
			name = MemesTests;
			productName = MemesTests;
			productReference = F613B9161FEFBBA900340DEB /* MemesTests.xctest */;
			productType = "com.apple.product-type.bundle.unit-test";
		};
		F613B9201FEFBBA900340DEB /* MemesUITests */ = {
			isa = PBXNativeTarget;
			buildConfigurationList = F613B9301FEFBBA900340DEB /* Build configuration list for PBXNativeTarget "MemesUITests" */;
			buildPhases = (
				169AC477E2F6E5585986DD70 /* [CP] Check Pods Manifest.lock */,
				F613B91D1FEFBBA900340DEB /* Sources */,
				F613B91E1FEFBBA900340DEB /* Frameworks */,
				F613B91F1FEFBBA900340DEB /* Resources */,
				E7917A9D3CB7BF7428FD05A2 /* [CP] Embed Pods Frameworks */,
				8408F3FE70244E37E077BD8E /* [CP] Copy Pods Resources */,
			);
			buildRules = (
			);
			dependencies = (
				F613B9231FEFBBA900340DEB /* PBXTargetDependency */,
			);
			name = MemesUITests;
			productName = MemesUITests;
			productReference = F613B9211FEFBBA900340DEB /* MemesUITests.xctest */;
			productType = "com.apple.product-type.bundle.ui-testing";
		};
/* End PBXNativeTarget section */

/* Begin PBXProject section */
		F613B8FA1FEFBBA900340DEB /* Project object */ = {
			isa = PBXProject;
			attributes = {
				LastSwiftUpdateCheck = 0900;
				LastUpgradeCheck = 0900;
				ORGANIZATIONNAME = "Odysseas Herodotou";
				TargetAttributes = {
					F613B9011FEFBBA900340DEB = {
						CreatedOnToolsVersion = 9.0;
						ProvisioningStyle = Automatic;
					};
					F613B9151FEFBBA900340DEB = {
						CreatedOnToolsVersion = 9.0;
						ProvisioningStyle = Automatic;
						TestTargetID = F613B9011FEFBBA900340DEB;
					};
					F613B9201FEFBBA900340DEB = {
						CreatedOnToolsVersion = 9.0;
						ProvisioningStyle = Automatic;
						TestTargetID = F613B9011FEFBBA900340DEB;
					};
				};
			};
			buildConfigurationList = F613B8FD1FEFBBA900340DEB /* Build configuration list for PBXProject "Memes" */;
			compatibilityVersion = "Xcode 8.0";
			developmentRegion = en;
			hasScannedForEncodings = 0;
			knownRegions = (
				en,
				Base,
			);
			mainGroup = F613B8F91FEFBBA800340DEB;
			productRefGroup = F613B9031FEFBBA900340DEB /* Products */;
			projectDirPath = "";
			projectRoot = "";
			targets = (
				F613B9011FEFBBA900340DEB /* Memes */,
				F613B9151FEFBBA900340DEB /* MemesTests */,
				F613B9201FEFBBA900340DEB /* MemesUITests */,
			);
		};
/* End PBXProject section */

/* Begin PBXResourcesBuildPhase section */
		F613B9001FEFBBA900340DEB /* Resources */ = {
			isa = PBXResourcesBuildPhase;
			buildActionMask = 2147483647;
			files = (
				F613B9101FEFBBA900340DEB /* LaunchScreen.storyboard in Resources */,
				F613B9381FEFC4B800340DEB /* GoogleService-Info.plist in Resources */,
				F613B90D1FEFBBA900340DEB /* Assets.xcassets in Resources */,
				F613B90B1FEFBBA900340DEB /* Main.storyboard in Resources */,
			);
			runOnlyForDeploymentPostprocessing = 0;
		};
		F613B9141FEFBBA900340DEB /* Resources */ = {
			isa = PBXResourcesBuildPhase;
			buildActionMask = 2147483647;
			files = (
			);
			runOnlyForDeploymentPostprocessing = 0;
		};
		F613B91F1FEFBBA900340DEB /* Resources */ = {
			isa = PBXResourcesBuildPhase;
			buildActionMask = 2147483647;
			files = (
			);
			runOnlyForDeploymentPostprocessing = 0;
		};
/* End PBXResourcesBuildPhase section */

/* Begin PBXShellScriptBuildPhase section */
		15BAB8D7F70756DAB48EF13D /* [CP] Check Pods Manifest.lock */ = {
			isa = PBXShellScriptBuildPhase;
			buildActionMask = 2147483647;
			files = (
			);
			inputPaths = (
				"${PODS_PODFILE_DIR_PATH}/Podfile.lock",
				"${PODS_ROOT}/Manifest.lock",
			);
			name = "[CP] Check Pods Manifest.lock";
			outputPaths = (
				"$(DERIVED_FILE_DIR)/Pods-Memes-checkManifestLockResult.txt",
			);
			runOnlyForDeploymentPostprocessing = 0;
			shellPath = /bin/sh;
			shellScript = "diff \"${PODS_PODFILE_DIR_PATH}/Podfile.lock\" \"${PODS_ROOT}/Manifest.lock\" > /dev/null\nif [ $? != 0 ] ; then\n    # print error to STDERR\n    echo \"error: The sandbox is not in sync with the Podfile.lock. Run 'pod install' or update your CocoaPods installation.\" >&2\n    exit 1\nfi\n# This output is used by Xcode 'outputs' to avoid re-running this script phase.\necho \"SUCCESS\" > \"${SCRIPT_OUTPUT_FILE_0}\"\n";
			showEnvVarsInLog = 0;
		};
		169AC477E2F6E5585986DD70 /* [CP] Check Pods Manifest.lock */ = {
			isa = PBXShellScriptBuildPhase;
			buildActionMask = 2147483647;
			files = (
			);
			inputPaths = (
				"${PODS_PODFILE_DIR_PATH}/Podfile.lock",
				"${PODS_ROOT}/Manifest.lock",
			);
			name = "[CP] Check Pods Manifest.lock";
			outputPaths = (
				"$(DERIVED_FILE_DIR)/Pods-MemesUITests-checkManifestLockResult.txt",
			);
			runOnlyForDeploymentPostprocessing = 0;
			shellPath = /bin/sh;
			shellScript = "diff \"${PODS_PODFILE_DIR_PATH}/Podfile.lock\" \"${PODS_ROOT}/Manifest.lock\" > /dev/null\nif [ $? != 0 ] ; then\n    # print error to STDERR\n    echo \"error: The sandbox is not in sync with the Podfile.lock. Run 'pod install' or update your CocoaPods installation.\" >&2\n    exit 1\nfi\n# This output is used by Xcode 'outputs' to avoid re-running this script phase.\necho \"SUCCESS\" > \"${SCRIPT_OUTPUT_FILE_0}\"\n";
			showEnvVarsInLog = 0;
		};
		22D4A0DF0075AEF5B86D201C /* [CP] Embed Pods Frameworks */ = {
			isa = PBXShellScriptBuildPhase;
			buildActionMask = 2147483647;
			files = (
			);
			inputPaths = (
				"${SRCROOT}/Pods/Target Support Files/Pods-Memes/Pods-Memes-frameworks.sh",
				"${BUILT_PRODUCTS_DIR}/GTMSessionFetcher/GTMSessionFetcher.framework",
				"${BUILT_PRODUCTS_DIR}/GoogleToolboxForMac/GoogleToolboxForMac.framework",
				"${BUILT_PRODUCTS_DIR}/leveldb-library/leveldb.framework",
				"${BUILT_PRODUCTS_DIR}/nanopb/nanopb.framework",
			);
			name = "[CP] Embed Pods Frameworks";
			outputPaths = (
				"${TARGET_BUILD_DIR}/${FRAMEWORKS_FOLDER_PATH}/GTMSessionFetcher.framework",
				"${TARGET_BUILD_DIR}/${FRAMEWORKS_FOLDER_PATH}/GoogleToolboxForMac.framework",
				"${TARGET_BUILD_DIR}/${FRAMEWORKS_FOLDER_PATH}/leveldb.framework",
				"${TARGET_BUILD_DIR}/${FRAMEWORKS_FOLDER_PATH}/nanopb.framework",
			);
			runOnlyForDeploymentPostprocessing = 0;
			shellPath = /bin/sh;
			shellScript = "\"${SRCROOT}/Pods/Target Support Files/Pods-Memes/Pods-Memes-frameworks.sh\"\n";
			showEnvVarsInLog = 0;
		};
		561DE2FE6A34F0324FF6A789 /* [CP] Copy Pods Resources */ = {
			isa = PBXShellScriptBuildPhase;
			buildActionMask = 2147483647;
			files = (
			);
			inputPaths = (
			);
			name = "[CP] Copy Pods Resources";
			outputPaths = (
			);
			runOnlyForDeploymentPostprocessing = 0;
			shellPath = /bin/sh;
			shellScript = "\"${SRCROOT}/Pods/Target Support Files/Pods-Memes/Pods-Memes-resources.sh\"\n";
			showEnvVarsInLog = 0;
		};
		654B1CCCFF09B98BFE583348 /* [CP] Copy Pods Resources */ = {
			isa = PBXShellScriptBuildPhase;
			buildActionMask = 2147483647;
			files = (
			);
			inputPaths = (
			);
			name = "[CP] Copy Pods Resources";
			outputPaths = (
			);
			runOnlyForDeploymentPostprocessing = 0;
			shellPath = /bin/sh;
			shellScript = "\"${SRCROOT}/Pods/Target Support Files/Pods-MemesTests/Pods-MemesTests-resources.sh\"\n";
			showEnvVarsInLog = 0;
		};
		8408F3FE70244E37E077BD8E /* [CP] Copy Pods Resources */ = {
			isa = PBXShellScriptBuildPhase;
			buildActionMask = 2147483647;
			files = (
			);
			inputPaths = (
			);
			name = "[CP] Copy Pods Resources";
			outputPaths = (
			);
			runOnlyForDeploymentPostprocessing = 0;
			shellPath = /bin/sh;
			shellScript = "\"${SRCROOT}/Pods/Target Support Files/Pods-MemesUITests/Pods-MemesUITests-resources.sh\"\n";
			showEnvVarsInLog = 0;
		};
		9ABA4248A210CDC488CE69E2 /* [CP] Check Pods Manifest.lock */ = {
			isa = PBXShellScriptBuildPhase;
			buildActionMask = 2147483647;
			files = (
			);
			inputPaths = (
				"${PODS_PODFILE_DIR_PATH}/Podfile.lock",
				"${PODS_ROOT}/Manifest.lock",
			);
			name = "[CP] Check Pods Manifest.lock";
			outputPaths = (
				"$(DERIVED_FILE_DIR)/Pods-MemesTests-checkManifestLockResult.txt",
			);
			runOnlyForDeploymentPostprocessing = 0;
			shellPath = /bin/sh;
			shellScript = "diff \"${PODS_PODFILE_DIR_PATH}/Podfile.lock\" \"${PODS_ROOT}/Manifest.lock\" > /dev/null\nif [ $? != 0 ] ; then\n    # print error to STDERR\n    echo \"error: The sandbox is not in sync with the Podfile.lock. Run 'pod install' or update your CocoaPods installation.\" >&2\n    exit 1\nfi\n# This output is used by Xcode 'outputs' to avoid re-running this script phase.\necho \"SUCCESS\" > \"${SCRIPT_OUTPUT_FILE_0}\"\n";
			showEnvVarsInLog = 0;
		};
		B5BB7E8D5A0EDBA00882C056 /* [CP] Embed Pods Frameworks */ = {
			isa = PBXShellScriptBuildPhase;
			buildActionMask = 2147483647;
			files = (
			);
			inputPaths = (
				"${SRCROOT}/Pods/Target Support Files/Pods-MemesTests/Pods-MemesTests-frameworks.sh",
				"${BUILT_PRODUCTS_DIR}/GoogleToolboxForMac/GoogleToolboxForMac.framework",
				"${BUILT_PRODUCTS_DIR}/nanopb/nanopb.framework",
			);
			name = "[CP] Embed Pods Frameworks";
			outputPaths = (
				"${TARGET_BUILD_DIR}/${FRAMEWORKS_FOLDER_PATH}/GoogleToolboxForMac.framework",
				"${TARGET_BUILD_DIR}/${FRAMEWORKS_FOLDER_PATH}/nanopb.framework",
			);
			runOnlyForDeploymentPostprocessing = 0;
			shellPath = /bin/sh;
			shellScript = "\"${SRCROOT}/Pods/Target Support Files/Pods-MemesTests/Pods-MemesTests-frameworks.sh\"\n";
			showEnvVarsInLog = 0;
		};
		E7917A9D3CB7BF7428FD05A2 /* [CP] Embed Pods Frameworks */ = {
			isa = PBXShellScriptBuildPhase;
			buildActionMask = 2147483647;
			files = (
			);
			inputPaths = (
			);
			name = "[CP] Embed Pods Frameworks";
			outputPaths = (
			);
			runOnlyForDeploymentPostprocessing = 0;
			shellPath = /bin/sh;
			shellScript = "\"${SRCROOT}/Pods/Target Support Files/Pods-MemesUITests/Pods-MemesUITests-frameworks.sh\"\n";
			showEnvVarsInLog = 0;
		};
/* End PBXShellScriptBuildPhase section */

/* Begin PBXSourcesBuildPhase section */
		F613B8FE1FEFBBA900340DEB /* Sources */ = {
			isa = PBXSourcesBuildPhase;
			buildActionMask = 2147483647;
			files = (
				F613B9081FEFBBA900340DEB /* SignInVC.swift in Sources */,
				F613B9061FEFBBA900340DEB /* AppDelegate.swift in Sources */,
				F6BBBE7F1FF4358500972365 /* FancyView.swift in Sources */,
				F6BBBE861FF43C7600972365 /* TextField.swift in Sources */,
				F6BBBE821FF4374700972365 /* Constants.swift in Sources */,
				F6BBBE841FF43AC600972365 /* RoundIt.swift in Sources */,
				F6BBBE881FF43DEC00972365 /* FancyBtn.swift in Sources */,
			);
			runOnlyForDeploymentPostprocessing = 0;
		};
		F613B9121FEFBBA900340DEB /* Sources */ = {
			isa = PBXSourcesBuildPhase;
			buildActionMask = 2147483647;
			files = (
				F613B91B1FEFBBA900340DEB /* MemesTests.swift in Sources */,
			);
			runOnlyForDeploymentPostprocessing = 0;
		};
		F613B91D1FEFBBA900340DEB /* Sources */ = {
			isa = PBXSourcesBuildPhase;
			buildActionMask = 2147483647;
			files = (
				F613B9261FEFBBA900340DEB /* MemesUITests.swift in Sources */,
			);
			runOnlyForDeploymentPostprocessing = 0;
		};
/* End PBXSourcesBuildPhase section */

/* Begin PBXTargetDependency section */
		F613B9181FEFBBA900340DEB /* PBXTargetDependency */ = {
			isa = PBXTargetDependency;
			target = F613B9011FEFBBA900340DEB /* Memes */;
			targetProxy = F613B9171FEFBBA900340DEB /* PBXContainerItemProxy */;
		};
		F613B9231FEFBBA900340DEB /* PBXTargetDependency */ = {
			isa = PBXTargetDependency;
			target = F613B9011FEFBBA900340DEB /* Memes */;
			targetProxy = F613B9221FEFBBA900340DEB /* PBXContainerItemProxy */;
		};
/* End PBXTargetDependency section */

/* Begin PBXVariantGroup section */
		F613B9091FEFBBA900340DEB /* Main.storyboard */ = {
			isa = PBXVariantGroup;
			children = (
				F613B90A1FEFBBA900340DEB /* Base */,
			);
			name = Main.storyboard;
			sourceTree = "<group>";
		};
		F613B90E1FEFBBA900340DEB /* LaunchScreen.storyboard */ = {
			isa = PBXVariantGroup;
			children = (
				F613B90F1FEFBBA900340DEB /* Base */,
			);
			name = LaunchScreen.storyboard;
			sourceTree = "<group>";
		};
/* End PBXVariantGroup section */

/* Begin XCBuildConfiguration section */
		F613B9281FEFBBA900340DEB /* Debug */ = {
			isa = XCBuildConfiguration;
			buildSettings = {
				ALWAYS_SEARCH_USER_PATHS = NO;
				CLANG_ANALYZER_NONNULL = YES;
				CLANG_ANALYZER_NUMBER_OBJECT_CONVERSION = YES_AGGRESSIVE;
				CLANG_CXX_LANGUAGE_STANDARD = "gnu++14";
				CLANG_CXX_LIBRARY = "libc++";
				CLANG_ENABLE_MODULES = YES;
				CLANG_ENABLE_OBJC_ARC = YES;
				CLANG_WARN_BLOCK_CAPTURE_AUTORELEASING = YES;
				CLANG_WARN_BOOL_CONVERSION = YES;
				CLANG_WARN_COMMA = YES;
				CLANG_WARN_CONSTANT_CONVERSION = YES;
				CLANG_WARN_DIRECT_OBJC_ISA_USAGE = YES_ERROR;
				CLANG_WARN_DOCUMENTATION_COMMENTS = YES;
				CLANG_WARN_EMPTY_BODY = YES;
				CLANG_WARN_ENUM_CONVERSION = YES;
				CLANG_WARN_INFINITE_RECURSION = YES;
				CLANG_WARN_INT_CONVERSION = YES;
				CLANG_WARN_NON_LITERAL_NULL_CONVERSION = YES;
				CLANG_WARN_OBJC_LITERAL_CONVERSION = YES;
				CLANG_WARN_OBJC_ROOT_CLASS = YES_ERROR;
				CLANG_WARN_RANGE_LOOP_ANALYSIS = YES;
				CLANG_WARN_STRICT_PROTOTYPES = YES;
				CLANG_WARN_SUSPICIOUS_MOVE = YES;
				CLANG_WARN_UNGUARDED_AVAILABILITY = YES_AGGRESSIVE;
				CLANG_WARN_UNREACHABLE_CODE = YES;
				CLANG_WARN__DUPLICATE_METHOD_MATCH = YES;
				CODE_SIGN_IDENTITY = "iPhone Developer";
				COPY_PHASE_STRIP = NO;
				DEBUG_INFORMATION_FORMAT = dwarf;
				ENABLE_STRICT_OBJC_MSGSEND = YES;
				ENABLE_TESTABILITY = YES;
				GCC_C_LANGUAGE_STANDARD = gnu11;
				GCC_DYNAMIC_NO_PIC = NO;
				GCC_NO_COMMON_BLOCKS = YES;
				GCC_OPTIMIZATION_LEVEL = 0;
				GCC_PREPROCESSOR_DEFINITIONS = (
					"DEBUG=1",
					"$(inherited)",
				);
				GCC_WARN_64_TO_32_BIT_CONVERSION = YES;
				GCC_WARN_ABOUT_RETURN_TYPE = YES_ERROR;
				GCC_WARN_UNDECLARED_SELECTOR = YES;
				GCC_WARN_UNINITIALIZED_AUTOS = YES_AGGRESSIVE;
				GCC_WARN_UNUSED_FUNCTION = YES;
				GCC_WARN_UNUSED_VARIABLE = YES;
				IPHONEOS_DEPLOYMENT_TARGET = 11.0;
				MTL_ENABLE_DEBUG_INFO = YES;
				ONLY_ACTIVE_ARCH = YES;
				SDKROOT = iphoneos;
				SWIFT_ACTIVE_COMPILATION_CONDITIONS = DEBUG;
				SWIFT_OPTIMIZATION_LEVEL = "-Onone";
			};
			name = Debug;
		};
		F613B9291FEFBBA900340DEB /* Release */ = {
			isa = XCBuildConfiguration;
			buildSettings = {
				ALWAYS_SEARCH_USER_PATHS = NO;
				CLANG_ANALYZER_NONNULL = YES;
				CLANG_ANALYZER_NUMBER_OBJECT_CONVERSION = YES_AGGRESSIVE;
				CLANG_CXX_LANGUAGE_STANDARD = "gnu++14";
				CLANG_CXX_LIBRARY = "libc++";
				CLANG_ENABLE_MODULES = YES;
				CLANG_ENABLE_OBJC_ARC = YES;
				CLANG_WARN_BLOCK_CAPTURE_AUTORELEASING = YES;
				CLANG_WARN_BOOL_CONVERSION = YES;
				CLANG_WARN_COMMA = YES;
				CLANG_WARN_CONSTANT_CONVERSION = YES;
				CLANG_WARN_DIRECT_OBJC_ISA_USAGE = YES_ERROR;
				CLANG_WARN_DOCUMENTATION_COMMENTS = YES;
				CLANG_WARN_EMPTY_BODY = YES;
				CLANG_WARN_ENUM_CONVERSION = YES;
				CLANG_WARN_INFINITE_RECURSION = YES;
				CLANG_WARN_INT_CONVERSION = YES;
				CLANG_WARN_NON_LITERAL_NULL_CONVERSION = YES;
				CLANG_WARN_OBJC_LITERAL_CONVERSION = YES;
				CLANG_WARN_OBJC_ROOT_CLASS = YES_ERROR;
				CLANG_WARN_RANGE_LOOP_ANALYSIS = YES;
				CLANG_WARN_STRICT_PROTOTYPES = YES;
				CLANG_WARN_SUSPICIOUS_MOVE = YES;
				CLANG_WARN_UNGUARDED_AVAILABILITY = YES_AGGRESSIVE;
				CLANG_WARN_UNREACHABLE_CODE = YES;
				CLANG_WARN__DUPLICATE_METHOD_MATCH = YES;
				CODE_SIGN_IDENTITY = "iPhone Developer";
				COPY_PHASE_STRIP = NO;
				DEBUG_INFORMATION_FORMAT = "dwarf-with-dsym";
				ENABLE_NS_ASSERTIONS = NO;
				ENABLE_STRICT_OBJC_MSGSEND = YES;
				GCC_C_LANGUAGE_STANDARD = gnu11;
				GCC_NO_COMMON_BLOCKS = YES;
				GCC_WARN_64_TO_32_BIT_CONVERSION = YES;
				GCC_WARN_ABOUT_RETURN_TYPE = YES_ERROR;
				GCC_WARN_UNDECLARED_SELECTOR = YES;
				GCC_WARN_UNINITIALIZED_AUTOS = YES_AGGRESSIVE;
				GCC_WARN_UNUSED_FUNCTION = YES;
				GCC_WARN_UNUSED_VARIABLE = YES;
				IPHONEOS_DEPLOYMENT_TARGET = 11.0;
				MTL_ENABLE_DEBUG_INFO = NO;
				SDKROOT = iphoneos;
				SWIFT_OPTIMIZATION_LEVEL = "-Owholemodule";
				VALIDATE_PRODUCT = YES;
			};
			name = Release;
		};
		F613B92B1FEFBBA900340DEB /* Debug */ = {
			isa = XCBuildConfiguration;
			baseConfigurationReference = DCD9BD1FD5E6AD5EE5C0FD9B /* Pods-Memes.debug.xcconfig */;
			buildSettings = {
				ASSETCATALOG_COMPILER_APPICON_NAME = AppIcon;
				CODE_SIGN_STYLE = Automatic;
				DEVELOPMENT_TEAM = SDZNBKC45C;
				INFOPLIST_FILE = Memes/Info.plist;
				LD_RUNPATH_SEARCH_PATHS = "$(inherited) @executable_path/Frameworks";
				PRODUCT_BUNDLE_IDENTIFIER = com.odysseas.Memes;
				PRODUCT_NAME = "$(TARGET_NAME)";
				SWIFT_VERSION = 4.0;
				TARGETED_DEVICE_FAMILY = "1,2";
			};
			name = Debug;
		};
		F613B92C1FEFBBA900340DEB /* Release */ = {
			isa = XCBuildConfiguration;
			baseConfigurationReference = 6A56F660A87FD951D57FA3A1 /* Pods-Memes.release.xcconfig */;
			buildSettings = {
				ASSETCATALOG_COMPILER_APPICON_NAME = AppIcon;
				CODE_SIGN_STYLE = Automatic;
				DEVELOPMENT_TEAM = SDZNBKC45C;
				INFOPLIST_FILE = Memes/Info.plist;
				LD_RUNPATH_SEARCH_PATHS = "$(inherited) @executable_path/Frameworks";
				PRODUCT_BUNDLE_IDENTIFIER = com.odysseas.Memes;
				PRODUCT_NAME = "$(TARGET_NAME)";
				SWIFT_VERSION = 4.0;
				TARGETED_DEVICE_FAMILY = "1,2";
			};
			name = Release;
		};
		F613B92E1FEFBBA900340DEB /* Debug */ = {
			isa = XCBuildConfiguration;
			baseConfigurationReference = AA68AAA11F9B9A08C0692E95 /* Pods-MemesTests.debug.xcconfig */;
			buildSettings = {
				ALWAYS_EMBED_SWIFT_STANDARD_LIBRARIES = YES;
				BUNDLE_LOADER = "$(TEST_HOST)";
				CODE_SIGN_STYLE = Automatic;
				DEVELOPMENT_TEAM = SDZNBKC45C;
				INFOPLIST_FILE = MemesTests/Info.plist;
				LD_RUNPATH_SEARCH_PATHS = "$(inherited) @executable_path/Frameworks @loader_path/Frameworks";
				PRODUCT_BUNDLE_IDENTIFIER = com.odysseas.MemesTests;
				PRODUCT_NAME = "$(TARGET_NAME)";
				SWIFT_VERSION = 4.0;
				TARGETED_DEVICE_FAMILY = "1,2";
				TEST_HOST = "$(BUILT_PRODUCTS_DIR)/Memes.app/Memes";
			};
			name = Debug;
		};
		F613B92F1FEFBBA900340DEB /* Release */ = {
			isa = XCBuildConfiguration;
			baseConfigurationReference = A4DB3D8BD3C2EAA4469F9B47 /* Pods-MemesTests.release.xcconfig */;
			buildSettings = {
				ALWAYS_EMBED_SWIFT_STANDARD_LIBRARIES = YES;
				BUNDLE_LOADER = "$(TEST_HOST)";
				CODE_SIGN_STYLE = Automatic;
				DEVELOPMENT_TEAM = SDZNBKC45C;
				INFOPLIST_FILE = MemesTests/Info.plist;
				LD_RUNPATH_SEARCH_PATHS = "$(inherited) @executable_path/Frameworks @loader_path/Frameworks";
				PRODUCT_BUNDLE_IDENTIFIER = com.odysseas.MemesTests;
				PRODUCT_NAME = "$(TARGET_NAME)";
				SWIFT_VERSION = 4.0;
				TARGETED_DEVICE_FAMILY = "1,2";
				TEST_HOST = "$(BUILT_PRODUCTS_DIR)/Memes.app/Memes";
			};
			name = Release;
		};
		F613B9311FEFBBA900340DEB /* Debug */ = {
			isa = XCBuildConfiguration;
			baseConfigurationReference = 3E83D52D6D3B5820689DDCF7 /* Pods-MemesUITests.debug.xcconfig */;
			buildSettings = {
				ALWAYS_EMBED_SWIFT_STANDARD_LIBRARIES = YES;
				CODE_SIGN_STYLE = Automatic;
				DEVELOPMENT_TEAM = SDZNBKC45C;
				INFOPLIST_FILE = MemesUITests/Info.plist;
				LD_RUNPATH_SEARCH_PATHS = "$(inherited) @executable_path/Frameworks @loader_path/Frameworks";
				PRODUCT_BUNDLE_IDENTIFIER = com.odysseas.MemesUITests;
				PRODUCT_NAME = "$(TARGET_NAME)";
				SWIFT_VERSION = 4.0;
				TARGETED_DEVICE_FAMILY = "1,2";
				TEST_TARGET_NAME = Memes;
			};
			name = Debug;
		};
		F613B9321FEFBBA900340DEB /* Release */ = {
			isa = XCBuildConfiguration;
			baseConfigurationReference = 5EEA9376F46CC7E870B609BF /* Pods-MemesUITests.release.xcconfig */;
			buildSettings = {
				ALWAYS_EMBED_SWIFT_STANDARD_LIBRARIES = YES;
				CODE_SIGN_STYLE = Automatic;
				DEVELOPMENT_TEAM = SDZNBKC45C;
				INFOPLIST_FILE = MemesUITests/Info.plist;
				LD_RUNPATH_SEARCH_PATHS = "$(inherited) @executable_path/Frameworks @loader_path/Frameworks";
				PRODUCT_BUNDLE_IDENTIFIER = com.odysseas.MemesUITests;
				PRODUCT_NAME = "$(TARGET_NAME)";
				SWIFT_VERSION = 4.0;
				TARGETED_DEVICE_FAMILY = "1,2";
				TEST_TARGET_NAME = Memes;
			};
			name = Release;
		};
/* End XCBuildConfiguration section */

/* Begin XCConfigurationList section */
		F613B8FD1FEFBBA900340DEB /* Build configuration list for PBXProject "Memes" */ = {
			isa = XCConfigurationList;
			buildConfigurations = (
				F613B9281FEFBBA900340DEB /* Debug */,
				F613B9291FEFBBA900340DEB /* Release */,
			);
			defaultConfigurationIsVisible = 0;
			defaultConfigurationName = Release;
		};
		F613B92A1FEFBBA900340DEB /* Build configuration list for PBXNativeTarget "Memes" */ = {
			isa = XCConfigurationList;
			buildConfigurations = (
				F613B92B1FEFBBA900340DEB /* Debug */,
				F613B92C1FEFBBA900340DEB /* Release */,
			);
			defaultConfigurationIsVisible = 0;
			defaultConfigurationName = Release;
		};
		F613B92D1FEFBBA900340DEB /* Build configuration list for PBXNativeTarget "MemesTests" */ = {
			isa = XCConfigurationList;
			buildConfigurations = (
				F613B92E1FEFBBA900340DEB /* Debug */,
				F613B92F1FEFBBA900340DEB /* Release */,
			);
			defaultConfigurationIsVisible = 0;
			defaultConfigurationName = Release;
		};
		F613B9301FEFBBA900340DEB /* Build configuration list for PBXNativeTarget "MemesUITests" */ = {
			isa = XCConfigurationList;
			buildConfigurations = (
				F613B9311FEFBBA900340DEB /* Debug */,
				F613B9321FEFBBA900340DEB /* Release */,
			);
			defaultConfigurationIsVisible = 0;
			defaultConfigurationName = Release;
		};
/* End XCConfigurationList section */
	};
	rootObject = F613B8FA1FEFBBA900340DEB /* Project object */;
}
